github.com/ktateish/go-module-exp-lib-a v1.0.0 h1:eFfS7W0NgkZ/Ok6Jk2CGAyUdh42w9ab/v67kkoMbwoU=
github.com/ktateish/go-module-exp-lib-a v1.0.0/go.mod h1:FHvL1MTvQBwHOOndH8u8e4c/uRtl4agxw2q+wCfq6Z8=
github.com/ktateish/go-module-exp-lib-b v1.1.0 h1:2pPcssKGYOFYjGlGL0xSI1no+VLF1CjAFqUBEm21M9M=
github.com/ktateish/go-module-exp-lib-b v1.1.0/go.mod h1:WWaPP6IOs6LCrOmC8IA454EZfvmo9iAhCE4+Frb7YO8=
github.com/ktateish/go-module-exp-lib-c v1.0.0 h1:ZmJ9JMr2/+D6xOcxBNp2BcPrq8mpsv2/S2kMhyt5kwo=
github.com/ktateish/go-module-exp-lib-c v1.0.0/go.mod h1:gYi8KvN3Xnghkj0l9PYkX1683YBWza5Xr95LcA7Cnpg=
github.com/ktateish/go-module-exp-lib-c v1.1.0 h1:kZflsZZPdGTKvRis/KWPKTF0GZfCtpLNZYC2Z9TIho8=
github.com/ktateish/go-module-exp-lib-c v1.1.0/go.mod h1:gYi8KvN3Xnghkj0l9PYkX1683YBWza5Xr95LcA7Cnpg=
